
Microsoft Visual Studio Solution File, Format Version 12.00
# Visual Studio Version 17
VisualStudioVersion = 17.7.34031.279
MinimumVisualStudioVersion = 10.0.40219.1
Project("{FAE04EC0-301F-11D3-BF4B-00C04F79EFBC}") = "Generic", "Generic\Generic.csproj", "{91722C72-91EA-4DEE-B55B-937F9886BA12}"
EndProject
Global
	GlobalSection(SolutionConfigurationPlatforms) = preSolution
		Debug|Any CPU = Debug|Any CPU
		Release|Any CPU = Release|Any CPU
	EndGlobalSection
	GlobalSection(ProjectConfigurationPlatforms) = postSolution
		{91722C72-91EA-4DEE-B55B-937F9886BA12}.Debug|Any CPU.ActiveCfg = Debug|Any CPU
		{91722C72-91EA-4DEE-B55B-937F9886BA12}.Debug|Any CPU.Build.0 = Debug|Any CPU
		{91722C72-91EA-4DEE-B55B-937F9886BA12}.Release|Any CPU.ActiveCfg = Release|Any CPU
		{91722C72-91EA-4DEE-B55B-937F9886BA12}.Release|Any CPU.Build.0 = Release|Any CPU
	EndGlobalSection
	GlobalSection(SolutionProperties) = preSolution
		HideSolutionNode = FALSE
	EndGlobalSection
	GlobalSection(ExtensibilityGlobals) = postSolution
		SolutionGuid = {BC8991C8-3D17-4793-95B3-75BA9CF45CB6}
	EndGlobalSection
EndGlobal
